// !$*UTF8*$!
{
	archiveVersion = 1;
	classes = {
	};
	objectVersion = 46;
	objects = {

/* Begin PBXBuildFile section */
		045F5A36191922D500AC61E7 /* Foundation.framework in Frameworks */ = {isa = PBXBuildFile; fileRef = 045F5A35191922D500AC61E7 /* Foundation.framework */; };
		045F5A38191922D500AC61E7 /* CoreGraphics.framework in Frameworks */ = {isa = PBXBuildFile; fileRef = 045F5A37191922D500AC61E7 /* CoreGraphics.framework */; };
		045F5A3A191922D500AC61E7 /* UIKit.framework in Frameworks */ = {isa = PBXBuildFile; fileRef = 045F5A39191922D500AC61E7 /* UIKit.framework */; };
		045F5A40191922D500AC61E7 /* InfoPlist.strings in Resources */ = {isa = PBXBuildFile; fileRef = 045F5A3E191922D500AC61E7 /* InfoPlist.strings */; };
		045F5A42191922D500AC61E7 /* main.m in Sources */ = {isa = PBXBuildFile; fileRef = 045F5A41191922D500AC61E7 /* main.m */; };
		045F5A46191922D500AC61E7 /* bnrcAppDelegate.m in Sources */ = {isa = PBXBuildFile; fileRef = 045F5A45191922D500AC61E7 /* bnrcAppDelegate.m */; };
		045F5A49191922D500AC61E7 /* Main.storyboard in Resources */ = {isa = PBXBuildFile; fileRef = 045F5A47191922D500AC61E7 /* Main.storyboard */; };
		045F5A4C191922D500AC61E7 /* bnrcViewController.m in Sources */ = {isa = PBXBuildFile; fileRef = 045F5A4B191922D500AC61E7 /* bnrcViewController.m */; };
		045F5A4E191922D500AC61E7 /* Images.xcassets in Resources */ = {isa = PBXBuildFile; fileRef = 045F5A4D191922D500AC61E7 /* Images.xcassets */; };
		045F5A55191922D500AC61E7 /* XCTest.framework in Frameworks */ = {isa = PBXBuildFile; fileRef = 045F5A54191922D500AC61E7 /* XCTest.framework */; };
		045F5A56191922D500AC61E7 /* Foundation.framework in Frameworks */ = {isa = PBXBuildFile; fileRef = 045F5A35191922D500AC61E7 /* Foundation.framework */; };
		045F5A57191922D500AC61E7 /* UIKit.framework in Frameworks */ = {isa = PBXBuildFile; fileRef = 045F5A39191922D500AC61E7 /* UIKit.framework */; };
		045F5A5F191922D500AC61E7 /* InfoPlist.strings in Resources */ = {isa = PBXBuildFile; fileRef = 045F5A5D191922D500AC61E7 /* InfoPlist.strings */; };
		045F5A61191922D500AC61E7 /* gitTests.m in Sources */ = {isa = PBXBuildFile; fileRef = 045F5A60191922D500AC61E7 /* gitTests.m */; };
/* End PBXBuildFile section */

/* Begin PBXContainerItemProxy section */
		045F5A58191922D500AC61E7 /* PBXContainerItemProxy */ = {
			isa = PBXContainerItemProxy;
			containerPortal = 045F5A2A191922D500AC61E7 /* Project object */;
			proxyType = 1;
			remoteGlobalIDString = 045F5A31191922D500AC61E7;
			remoteInfo = git;
		};
/* End PBXContainerItemProxy section */

/* Begin PBXFileReference section */
		045F5A32191922D500AC61E7 /* git.app */ = {isa = PBXFileReference; explicitFileType = wrapper.application; includeInIndex = 0; path = git.app; sourceTree = BUILT_PRODUCTS_DIR; };
		045F5A35191922D500AC61E7 /* Foundation.framework */ = {isa = PBXFileReference; lastKnownFileType = wrapper.framework; name = Foundation.framework; path = System/Library/Frameworks/Foundation.framework; sourceTree = SDKROOT; };
		045F5A37191922D500AC61E7 /* CoreGraphics.framework */ = {isa = PBXFileReference; lastKnownFileType = wrapper.framework; name = CoreGraphics.framework; path = System/Library/Frameworks/CoreGraphics.framework; sourceTree = SDKROOT; };
		045F5A39191922D500AC61E7 /* UIKit.framework */ = {isa = PBXFileReference; lastKnownFileType = wrapper.framework; name = UIKit.framework; path = System/Library/Frameworks/UIKit.framework; sourceTree = SDKROOT; };
		045F5A3D191922D500AC61E7 /* git-Info.plist */ = {isa = PBXFileReference; lastKnownFileType = text.plist.xml; path = "git-Info.plist"; sourceTree = "<group>"; };
		045F5A3F191922D500AC61E7 /* en */ = {isa = PBXFileReference; lastKnownFileType = text.plist.strings; name = en; path = en.lproj/InfoPlist.strings; sourceTree = "<group>"; };
		045F5A41191922D500AC61E7 /* main.m */ = {isa = PBXFileReference; lastKnownFileType = sourcecode.c.objc; path = main.m; sourceTree = "<group>"; };
		045F5A43191922D500AC61E7 /* git-Prefix.pch */ = {isa = PBXFileReference; lastKnownFileType = sourcecode.c.h; path = "git-Prefix.pch"; sourceTree = "<group>"; };
		045F5A44191922D500AC61E7 /* bnrcAppDelegate.h */ = {isa = PBXFileReference; lastKnownFileType = sourcecode.c.h; path = bnrcAppDelegate.h; sourceTree = "<group>"; };
		045F5A45191922D500AC61E7 /* bnrcAppDelegate.m */ = {isa = PBXFileReference; lastKnownFileType = sourcecode.c.objc; path = bnrcAppDelegate.m; sourceTree = "<group>"; };
		045F5A48191922D500AC61E7 /* Base */ = {isa = PBXFileReference; lastKnownFileType = file.storyboard; name = Base; path = Base.lproj/Main.storyboard; sourceTree = "<group>"; };
		045F5A4A191922D500AC61E7 /* bnrcViewController.h */ = {isa = PBXFileReference; lastKnownFileType = sourcecode.c.h; path = bnrcViewController.h; sourceTree = "<group>"; };
		045F5A4B191922D500AC61E7 /* bnrcViewController.m */ = {isa = PBXFileReference; lastKnownFileType = sourcecode.c.objc; path = bnrcViewController.m; sourceTree = "<group>"; };
		045F5A4D191922D500AC61E7 /* Images.xcassets */ = {isa = PBXFileReference; lastKnownFileType = folder.assetcatalog; path = Images.xcassets; sourceTree = "<group>"; };
		045F5A53191922D500AC61E7 /* gitTests.xctest */ = {isa = PBXFileReference; explicitFileType = wrapper.cfbundle; includeInIndex = 0; path = gitTests.xctest; sourceTree = BUILT_PRODUCTS_DIR; };
		045F5A54191922D500AC61E7 /* XCTest.framework */ = {isa = PBXFileReference; lastKnownFileType = wrapper.framework; name = XCTest.framework; path = Library/Frameworks/XCTest.framework; sourceTree = DEVELOPER_DIR; };
		045F5A5C191922D500AC61E7 /* gitTests-Info.plist */ = {isa = PBXFileReference; lastKnownFileType = text.plist.xml; path = "gitTests-Info.plist"; sourceTree = "<group>"; };
		045F5A5E191922D500AC61E7 /* en */ = {isa = PBXFileReference; lastKnownFileType = text.plist.strings; name = en; path = en.lproj/InfoPlist.strings; sourceTree = "<group>"; };
		045F5A60191922D500AC61E7 /* gitTests.m */ = {isa = PBXFileReference; lastKnownFileType = sourcecode.c.objc; path = gitTests.m; sourceTree = "<group>"; };
/* End PBXFileReference section */

/* Begin PBXFrameworksBuildPhase section */
		045F5A2F191922D500AC61E7 /* Frameworks */ = {
			isa = PBXFrameworksBuildPhase;
			buildActionMask = 2147483647;
			files = (
				045F5A38191922D500AC61E7 /* CoreGraphics.framework in Frameworks */,
				045F5A3A191922D500AC61E7 /* UIKit.framework in Frameworks */,
				045F5A36191922D500AC61E7 /* Foundation.framework in Frameworks */,
			);
			runOnlyForDeploymentPostprocessing = 0;
		};
		045F5A50191922D500AC61E7 /* Frameworks */ = {
			isa = PBXFrameworksBuildPhase;
			buildActionMask = 2147483647;
			files = (
				045F5A55191922D500AC61E7 /* XCTest.framework in Frameworks */,
				045F5A57191922D500AC61E7 /* UIKit.framework in Frameworks */,
				045F5A56191922D500AC61E7 /* Foundation.framework in Frameworks */,
			);
			runOnlyForDeploymentPostprocessing = 0;
		};
/* End PBXFrameworksBuildPhase section */

/* Begin PBXGroup section */
		045F5A29191922D500AC61E7 = {
			isa = PBXGroup;
			children = (
				045F5A3B191922D500AC61E7 /* git */,
				045F5A5A191922D500AC61E7 /* gitTests */,
				045F5A34191922D500AC61E7 /* Frameworks */,
				045F5A33191922D500AC61E7 /* Products */,
			);
			sourceTree = "<group>";
		};
		045F5A33191922D500AC61E7 /* Products */ = {
			isa = PBXGroup;
			children = (
				045F5A32191922D500AC61E7 /* git.app */,
				045F5A53191922D500AC61E7 /* gitTests.xctest */,
			);
			name = Products;
			sourceTree = "<group>";
		};
		045F5A34191922D500AC61E7 /* Frameworks */ = {
			isa = PBXGroup;
			children = (
				045F5A35191922D500AC61E7 /* Foundation.framework */,
				045F5A37191922D500AC61E7 /* CoreGraphics.framework */,
				045F5A39191922D500AC61E7 /* UIKit.framework */,
				045F5A54191922D500AC61E7 /* XCTest.framework */,
			);
			name = Frameworks;
			sourceTree = "<group>";
		};
		045F5A3B191922D500AC61E7 /* git */ = {
			isa = PBXGroup;
			children = (
				045F5A44191922D500AC61E7 /* bnrcAppDelegate.h */,
				045F5A45191922D500AC61E7 /* bnrcAppDelegate.m */,
				045F5A47191922D500AC61E7 /* Main.storyboard */,
				045F5A4A191922D500AC61E7 /* bnrcViewController.h */,
				045F5A4B191922D500AC61E7 /* bnrcViewController.m */,
				045F5A4D191922D500AC61E7 /* Images.xcassets */,
				045F5A3C191922D500AC61E7 /* Supporting Files */,
			);
			path = git;
			sourceTree = "<group>";
		};
		045F5A3C191922D500AC61E7 /* Supporting Files */ = {
			isa = PBXGroup;
			children = (
				045F5A3D191922D500AC61E7 /* git-Info.plist */,
				045F5A3E191922D500AC61E7 /* InfoPlist.strings */,
				045F5A41191922D500AC61E7 /* main.m */,
				045F5A43191922D500AC61E7 /* git-Prefix.pch */,
			);
			name = "Supporting Files";
			sourceTree = "<group>";
		};
		045F5A5A191922D500AC61E7 /* gitTests */ = {
			isa = PBXGroup;
			children = (
				045F5A60191922D500AC61E7 /* gitTests.m */,
				045F5A5B191922D500AC61E7 /* Supporting Files */,
			);
			path = gitTests;
			sourceTree = "<group>";
		};
		045F5A5B191922D500AC61E7 /* Supporting Files */ = {
			isa = PBXGroup;
			children = (
				045F5A5C191922D500AC61E7 /* gitTests-Info.plist */,
				045F5A5D191922D500AC61E7 /* InfoPlist.strings */,
			);
			name = "Supporting Files";
			sourceTree = "<group>";
		};
/* End PBXGroup section */

/* Begin PBXNativeTarget section */
		045F5A31191922D500AC61E7 /* git */ = {
			isa = PBXNativeTarget;
			buildConfigurationList = 045F5A64191922D500AC61E7 /* Build configuration list for PBXNativeTarget "git" */;
			buildPhases = (
				045F5A2E191922D500AC61E7 /* Sources */,
				045F5A2F191922D500AC61E7 /* Frameworks */,
				045F5A30191922D500AC61E7 /* Resources */,
			);
			buildRules = (
			);
			dependencies = (
			);
			name = git;
			productName = git;
			productReference = 045F5A32191922D500AC61E7 /* git.app */;
			productType = "com.apple.product-type.application";
		};
		045F5A52191922D500AC61E7 /* gitTests */ = {
			isa = PBXNativeTarget;
			buildConfigurationList = 045F5A67191922D500AC61E7 /* Build configuration list for PBXNativeTarget "gitTests" */;
			buildPhases = (
				045F5A4F191922D500AC61E7 /* Sources */,
				045F5A50191922D500AC61E7 /* Frameworks */,
				045F5A51191922D500AC61E7 /* Resources */,
			);
			buildRules = (
			);
			dependencies = (
				045F5A59191922D500AC61E7 /* PBXTargetDependency */,
			);
			name = gitTests;
			productName = gitTests;
			productReference = 045F5A53191922D500AC61E7 /* gitTests.xctest */;
			productType = "com.apple.product-type.bundle.unit-test";
		};
/* End PBXNativeTarget section */

/* Begin PBXProject section */
		045F5A2A191922D500AC61E7 /* Project object */ = {
			isa = PBXProject;
			attributes = {
				CLASSPREFIX = bnrc;
				LastUpgradeCheck = 0510;
				ORGANIZATIONNAME = redFushi;
				TargetAttributes = {
					045F5A52191922D500AC61E7 = {
						TestTargetID = 045F5A31191922D500AC61E7;
					};
				};
			};
			buildConfigurationList = 045F5A2D191922D500AC61E7 /* Build configuration list for PBXProject "git" */;
			compatibilityVersion = "Xcode 3.2";
			developmentRegion = English;
			hasScannedForEncodings = 0;
			knownRegions = (
				en,
				Base,
			);
			mainGroup = 045F5A29191922D500AC61E7;
			productRefGroup = 045F5A33191922D500AC61E7 /* Products */;
			projectDirPath = "";
			projectRoot = "";
			targets = (
				045F5A31191922D500AC61E7 /* git */,
				045F5A52191922D500AC61E7 /* gitTests */,
			);
		};
/* End PBXProject section */

/* Begin PBXResourcesBuildPhase section */
		045F5A30191922D500AC61E7 /* Resources */ = {
			isa = PBXResourcesBuildPhase;
			buildActionMask = 2147483647;
			files = (
				045F5A4E191922D500AC61E7 /* Images.xcassets in Resources */,
				045F5A40191922D500AC61E7 /* InfoPlist.strings in Resources */,
				045F5A49191922D500AC61E7 /* Main.storyboard in Resources */,
			);
			runOnlyForDeploymentPostprocessing = 0;
		};
		045F5A51191922D500AC61E7 /* Resources */ = {
			isa = PBXResourcesBuildPhase;
			buildActionMask = 2147483647;
			files = (
				045F5A5F191922D500AC61E7 /* InfoPlist.strings in Resources */,
			);
			runOnlyForDeploymentPostprocessing = 0;
		};
/* End PBXResourcesBuildPhase section */

/* Begin PBXSourcesBuildPhase section */
		045F5A2E191922D500AC61E7 /* Sources */ = {
			isa = PBXSourcesBuildPhase;
			buildActionMask = 2147483647;
			files = (
				045F5A42191922D500AC61E7 /* main.m in Sources */,
				045F5A46191922D500AC61E7 /* bnrcAppDelegate.m in Sources */,
				045F5A4C191922D500AC61E7 /* bnrcViewController.m in Sources */,
			);
			runOnlyForDeploymentPostprocessing = 0;
		};
		045F5A4F191922D500AC61E7 /* Sources */ = {
			isa = PBXSourcesBuildPhase;
			buildActionMask = 2147483647;
			files = (
				045F5A61191922D500AC61E7 /* gitTests.m in Sources */,
			);
			runOnlyForDeploymentPostprocessing = 0;
		};
/* End PBXSourcesBuildPhase section */

/* Begin PBXTargetDependency section */
		045F5A59191922D500AC61E7 /* PBXTargetDependency */ = {
			isa = PBXTargetDependency;
			target = 045F5A31191922D500AC61E7 /* git */;
			targetProxy = 045F5A58191922D500AC61E7 /* PBXContainerItemProxy */;
		};
/* End PBXTargetDependency section */

/* Begin PBXVariantGroup section */
		045F5A3E191922D500AC61E7 /* InfoPlist.strings */ = {
			isa = PBXVariantGroup;
			children = (
				045F5A3F191922D500AC61E7 /* en */,
			);
			name = InfoPlist.strings;
			sourceTree = "<group>";
		};
		045F5A47191922D500AC61E7 /* Main.storyboard */ = {
			isa = PBXVariantGroup;
			children = (
				045F5A48191922D500AC61E7 /* Base */,
			);
			name = Main.storyboard;
			sourceTree = "<group>";
		};
		045F5A5D191922D500AC61E7 /* InfoPlist.strings */ = {
			isa = PBXVariantGroup;
			children = (
				045F5A5E191922D500AC61E7 /* en */,
			);
			name = InfoPlist.strings;
			sourceTree = "<group>";
		};
/* End PBXVariantGroup section */

/* Begin XCBuildConfiguration section */
		045F5A62191922D500AC61E7 /* Debug */ = {
			isa = XCBuildConfiguration;
			buildSettings = {
				ALWAYS_SEARCH_USER_PATHS = NO;
				CLANG_CXX_LANGUAGE_STANDARD = "gnu++0x";
				CLANG_CXX_LIBRARY = "libc++";
				CLANG_ENABLE_MODULES = YES;
				CLANG_ENABLE_OBJC_ARC = YES;
				CLANG_WARN_BOOL_CONVERSION = YES;
				CLANG_WARN_CONSTANT_CONVERSION = YES;
				CLANG_WARN_DIRECT_OBJC_ISA_USAGE = YES_ERROR;
				CLANG_WARN_EMPTY_BODY = YES;
				CLANG_WARN_ENUM_CONVERSION = YES;
				CLANG_WARN_INT_CONVERSION = YES;
				CLANG_WARN_OBJC_ROOT_CLASS = YES_ERROR;
				CLANG_WARN__DUPLICATE_METHOD_MATCH = YES;
				"CODE_SIGN_IDENTITY[sdk=iphoneos*]" = "iPhone Developer";
				COPY_PHASE_STRIP = NO;
				GCC_C_LANGUAGE_STANDARD = gnu99;
				GCC_DYNAMIC_NO_PIC = NO;
				GCC_OPTIMIZATION_LEVEL = 0;
				GCC_PREPROCESSOR_DEFINITIONS = (
					"DEBUG=1",
					"$(inherited)",
				);
				GCC_SYMBOLS_PRIVATE_EXTERN = NO;
				GCC_WARN_64_TO_32_BIT_CONVERSION = YES;
				GCC_WARN_ABOUT_RETURN_TYPE = YES_ERROR;
				GCC_WARN_UNDECLARED_SELECTOR = YES;
				GCC_WARN_UNINITIALIZED_AUTOS = YES_AGGRESSIVE;
				GCC_WARN_UNUSED_FUNCTION = YES;
				GCC_WARN_UNUSED_VARIABLE = YES;
				IPHONEOS_DEPLOYMENT_TARGET = 7.1;
				ONLY_ACTIVE_ARCH = YES;
				SDKROOT = iphoneos;
			};
			name = Debug;
		};
		045F5A63191922D500AC61E7 /* Release */ = {
			isa = XCBuildConfiguration;
			buildSettings = {
				ALWAYS_SEARCH_USER_PATHS = NO;
				CLANG_CXX_LANGUAGE_STANDARD = "gnu++0x";
				CLANG_CXX_LIBRARY = "libc++";
				CLANG_ENABLE_MODULES = YES;
				CLANG_ENABLE_OBJC_ARC = YES;
				CLANG_WARN_BOOL_CONVERSION = YES;
				CLANG_WARN_CONSTANT_CONVERSION = YES;
				CLANG_WARN_DIRECT_OBJC_ISA_USAGE = YES_ERROR;
				CLANG_WARN_EMPTY_BODY = YES;
				CLANG_WARN_ENUM_CONVERSION = YES;
				CLANG_WARN_INT_CONVERSION = YES;
				CLANG_WARN_OBJC_ROOT_CLASS = YES_ERROR;
				CLANG_WARN__DUPLICATE_METHOD_MATCH = YES;
				"CODE_SIGN_IDENTITY[sdk=iphoneos*]" = "iPhone Developer";
				COPY_PHASE_STRIP = YES;
				ENABLE_NS_ASSERTIONS = NO;
				GCC_C_LANGUAGE_STANDARD = gnu99;
				GCC_WARN_64_TO_32_BIT_CONVERSION = YES;
				GCC_WARN_ABOUT_RETURN_TYPE = YES_ERROR;
				GCC_WARN_UNDECLARED_SELECTOR = YES;
				GCC_WARN_UNINITIALIZED_AUTOS = YES_AGGRESSIVE;
				GCC_WARN_UNUSED_FUNCTION = YES;
				GCC_WARN_UNUSED_VARIABLE = YES;
				IPHONEOS_DEPLOYMENT_TARGET = 7.1;
				SDKROOT = iphoneos;
				VALIDATE_PRODUCT = YES;
			};
			name = Release;
		};
		045F5A65191922D500AC61E7 /* Debug */ = {
			isa = XCBuildConfiguration;
			buildSettings = {
				ASSETCATALOG_COMPILER_APPICON_NAME = AppIcon;
				ASSETCATALOG_COMPILER_LAUNCHIMAGE_NAME = LaunchImage;
				GCC_PRECOMPILE_PREFIX_HEADER = YES;
				GCC_PREFIX_HEADER = "git/git-Prefix.pch";
				INFOPLIST_FILE = "git/git-Info.plist";
				PRODUCT_NAME = "$(TARGET_NAME)";
				WRAPPER_EXTENSION = app;
			};
			name = Debug;
		};
		045F5A66191922D500AC61E7 /* Release */ = {
			isa = XCBuildConfiguration;
			buildSettings = {
				ASSETCATALOG_COMPILER_APPICON_NAME = AppIcon;
				ASSETCATALOG_COMPILER_LAUNCHIMAGE_NAME = LaunchImage;
				GCC_PRECOMPILE_PREFIX_HEADER = YES;
				GCC_PREFIX_HEADER = "git/git-Prefix.pch";
				INFOPLIST_FILE = "git/git-Info.plist";
				PRODUCT_NAME = "$(TARGET_NAME)";
				WRAPPER_EXTENSION = app;
			};
			name = Release;
		};
		045F5A68191922D500AC61E7 /* Debug */ = {
			isa = XCBuildConfiguration;
			buildSettings = {
				BUNDLE_LOADER = "$(BUILT_PRODUCTS_DIR)/git.app/git";
				FRAMEWORK_SEARCH_PATHS = (
					"$(SDKROOT)/Developer/Library/Frameworks",
					"$(inherited)",
					"$(DEVELOPER_FRAMEWORKS_DIR)",
				);
				GCC_PRECOMPILE_PREFIX_HEADER = YES;
				GCC_PREFIX_HEADER = "git/git-Prefix.pch";
				GCC_PREPROCESSOR_DEFINITIONS = (
					"DEBUG=1",
					"$(inherited)",
				);
				INFOPLIST_FILE = "gitTests/gitTests-Info.plist";
				PRODUCT_NAME = "$(TARGET_NAME)";
				TEST_HOST = "$(BUNDLE_LOADER)";
				WRAPPER_EXTENSION = xctest;
			};
			name = Debug;
		};
		045F5A69191922D500AC61E7 /* Release */ = {
			isa = XCBuildConfiguration;
			buildSettings = {
				BUNDLE_LOADER = "$(BUILT_PRODUCTS_DIR)/git.app/git";
				FRAMEWORK_SEARCH_PATHS = (
					"$(SDKROOT)/Developer/Library/Frameworks",
					"$(inherited)",
					"$(DEVELOPER_FRAMEWORKS_DIR)",
				);
				GCC_PRECOMPILE_PREFIX_HEADER = YES;
				GCC_PREFIX_HEADER = "git/git-Prefix.pch";
				INFOPLIST_FILE = "gitTests/gitTests-Info.plist";
				PRODUCT_NAME = "$(TARGET_NAME)";
				TEST_HOST = "$(BUNDLE_LOADER)";
				WRAPPER_EXTENSION = xctest;
			};
			name = Release;
		};
/* End XCBuildConfiguration section */

/* Begin XCConfigurationList section */
		045F5A2D191922D500AC61E7 /* Build configuration list for PBXProject "git" */ = {
			isa = XCConfigurationList;
			buildConfigurations = (
				045F5A62191922D500AC61E7 /* Debug */,
				045F5A63191922D500AC61E7 /* Release */,
			);
			defaultConfigurationIsVisible = 0;
			defaultConfigurationName = Release;
		};
		045F5A64191922D500AC61E7 /* Build configuration list for PBXNativeTarget "git" */ = {
			isa = XCConfigurationList;
			buildConfigurations = (
				045F5A65191922D500AC61E7 /* Debug */,
				045F5A66191922D500AC61E7 /* Release */,
			);
			defaultConfigurationIsVisible = 0;
		};
		045F5A67191922D500AC61E7 /* Build configuration list for PBXNativeTarget "gitTests" */ = {
			isa = XCConfigurationList;
			buildConfigurations = (
				045F5A68191922D500AC61E7 /* Debug */,
				045F5A69191922D500AC61E7 /* Release */,
			);
			defaultConfigurationIsVisible = 0;
		};
/* End XCConfigurationList section */
	};
	rootObject = 045F5A2A191922D500AC61E7 /* Project object */;
}
